Microsoft Visual Studio Solution File, Format Version 12.00
# Visual Studio 15
Project("{2150E333-8FDC-42A3-9474-1A3956D46DE8}") = "CMakePredefinedTargets", "CMakePredefinedTargets", "{D2C8E4E3-06F9-39DF-98B6-DDA433CD730A}"
EndProject
Project("{2150E333-8FDC-42A3-9474-1A3956D46DE8}") = "Components", "Components", "{B8F594CD-CAED-37AF-BCB4-4E6FB5AF4D67}"
EndProject
Project("{2150E333-8FDC-42A3-9474-1A3956D46DE8}") = "Tools", "Tools", "{7E8FF53D-8893-32CE-B003-E5F5D1D3D7F0}"
EndProject
Project("{8BC9CEB8-8B4A-11D0-8D11-00A0C91BC942}") = "ALL_BUILD", "ALL_BUILD.vcxproj", "{4A167FE0-43E4-3F34-9A8A-6184922D162A}"
	ProjectSection(ProjectDependencies) = postProject
		{FA7886FC-9034-39AC-981A-E5AE2F307DBB} = {FA7886FC-9034-39AC-981A-E5AE2F307DBB}
		{3E21CA9A-C144-3711-BCC1-886A6E34AB41} = {3E21CA9A-C144-3711-BCC1-886A6E34AB41}
		{835A30A3-341B-359E-B814-92ED133F57FA} = {835A30A3-341B-359E-B814-92ED133F57FA}
		{9800A31E-6642-34A2-86C7-091EF7D24EA7} = {9800A31E-6642-34A2-86C7-091EF7D24EA7}
		{9C1F1B30-2AB4-339B-BE68-374A862E270D} = {9C1F1B30-2AB4-339B-BE68-374A862E270D}
		{BCB848E2-43CF-366E-8AF5-FD4804DA278C} = {BCB848E2-43CF-366E-8AF5-FD4804DA278C}
		{90DC8C2B-05F8-3922-B4BF-2FACD5068CBE} = {90DC8C2B-05F8-3922-B4BF-2FACD5068CBE}
		{953EDB09-5829-3D54-964E-E3DAC758BB9A} = {953EDB09-5829-3D54-964E-E3DAC758BB9A}
		{E92BFA92-6ED9-38FE-AE49-DF7A4600E05B} = {E92BFA92-6ED9-38FE-AE49-DF7A4600E05B}
		{B378E35C-ECEA-3A00-B6FD-38C536F7ED97} = {B378E35C-ECEA-3A00-B6FD-38C536F7ED97}
		{66E8446B-0685-3E7F-88E3-6D4BECC8A1BA} = {66E8446B-0685-3E7F-88E3-6D4BECC8A1BA}
		{8BEC5E42-532C-338F-9222-C7B0D783FFC3} = {8BEC5E42-532C-338F-9222-C7B0D783FFC3}
		{6905FA0B-3986-3316-830D-1A8C53D19219} = {6905FA0B-3986-3316-830D-1A8C53D19219}
		{68E74E3C-F25F-3D3B-BC2B-EA5B4B6778D0} = {68E74E3C-F25F-3D3B-BC2B-EA5B4B6778D0}
		{4E83EF5A-D9D6-3CAA-BA00-236C60591072} = {4E83EF5A-D9D6-3CAA-BA00-236C60591072}
		{15CCA33C-1EF7-383C-AB5E-49361BB3598E} = {15CCA33C-1EF7-383C-AB5E-49361BB3598E}
		{4244D854-2ADB-371C-9EBC-56EBED26EFFC} = {4244D854-2ADB-371C-9EBC-56EBED26EFFC}
		{BCF212CA-C3F7-3D56-BBCC-6E2F1A1A86A3} = {BCF212CA-C3F7-3D56-BBCC-6E2F1A1A86A3}
		{03A51112-A743-3B84-A742-EC5EACAE795B} = {03A51112-A743-3B84-A742-EC5EACAE795B}
		{9BDF23A7-7311-323F-AA4B-97228F066B32} = {9BDF23A7-7311-323F-AA4B-97228F066B32}
		{3DF4D677-D01F-39D3-87CF-0CD4F389FEC7} = {3DF4D677-D01F-39D3-87CF-0CD4F389FEC7}
		{156CA56B-3FE8-36BB-820B-7CABE3839B62} = {156CA56B-3FE8-36BB-820B-7CABE3839B62}
		{CDD9D98D-1414-3221-80ED-30C42C3724FA} = {CDD9D98D-1414-3221-80ED-30C42C3724FA}
		{7D401618-CD9B-33CB-AD73-0207DA968184} = {7D401618-CD9B-33CB-AD73-0207DA968184}
		{811BF76A-73C8-3EB1-9FB6-6E4880E0663C} = {811BF76A-73C8-3EB1-9FB6-6E4880E0663C}
		{16277A6B-8C03-3995-A079-19D58D74192C} = {16277A6B-8C03-3995-A079-19D58D74192C}
		{5C245191-BEAC-3298-868F-40E186DA55C7} = {5C245191-BEAC-3298-868F-40E186DA55C7}
		{24951388-3EF2-3F59-A6D5-8B13A7779F19} = {24951388-3EF2-3F59-A6D5-8B13A7779F19}
		{24E4BAA9-7E83-3C69-91E2-FBA94060784C} = {24E4BAA9-7E83-3C69-91E2-FBA94060784C}
	EndProjectSection
EndProject
Project("{8BC9CEB8-8B4A-11D0-8D11-00A0C91BC942}") = "Codec_FreeImage", "PlugIns\FreeImageCodec\Codec_FreeImage.vcxproj", "{FA7886FC-9034-39AC-981A-E5AE2F307DBB}"
	ProjectSection(ProjectDependencies) = postProject
		{90DC8C2B-05F8-3922-B4BF-2FACD5068CBE} = {90DC8C2B-05F8-3922-B4BF-2FACD5068CBE}
	EndProjectSection
EndProject
Project("{8BC9CEB8-8B4A-11D0-8D11-00A0C91BC942}") = "Codec_STBI", "PlugIns\STBICodec\Codec_STBI.vcxproj", "{3E21CA9A-C144-3711-BCC1-886A6E34AB41}"
	ProjectSection(ProjectDependencies) = postProject
		{90DC8C2B-05F8-3922-B4BF-2FACD5068CBE} = {90DC8C2B-05F8-3922-B4BF-2FACD5068CBE}
	EndProjectSection
EndProject
Project("{8BC9CEB8-8B4A-11D0-8D11-00A0C91BC942}") = "DefaultSamples", "Samples\DefaultSamples.vcxproj", "{835A30A3-341B-359E-B814-92ED133F57FA}"
	ProjectSection(ProjectDependencies) = postProject
		{9800A31E-6642-34A2-86C7-091EF7D24EA7} = {9800A31E-6642-34A2-86C7-091EF7D24EA7}
		{BCB848E2-43CF-366E-8AF5-FD4804DA278C} = {BCB848E2-43CF-366E-8AF5-FD4804DA278C}
		{90DC8C2B-05F8-3922-B4BF-2FACD5068CBE} = {90DC8C2B-05F8-3922-B4BF-2FACD5068CBE}
		{953EDB09-5829-3D54-964E-E3DAC758BB9A} = {953EDB09-5829-3D54-964E-E3DAC758BB9A}
		{B378E35C-ECEA-3A00-B6FD-38C536F7ED97} = {B378E35C-ECEA-3A00-B6FD-38C536F7ED97}
		{66E8446B-0685-3E7F-88E3-6D4BECC8A1BA} = {66E8446B-0685-3E7F-88E3-6D4BECC8A1BA}
		{6905FA0B-3986-3316-830D-1A8C53D19219} = {6905FA0B-3986-3316-830D-1A8C53D19219}
		{68E74E3C-F25F-3D3B-BC2B-EA5B4B6778D0} = {68E74E3C-F25F-3D3B-BC2B-EA5B4B6778D0}
		{4E83EF5A-D9D6-3CAA-BA00-236C60591072} = {4E83EF5A-D9D6-3CAA-BA00-236C60591072}
	EndProjectSection
EndProject
Project("{8BC9CEB8-8B4A-11D0-8D11-00A0C91BC942}") = "INSTALL", "INSTALL.vcxproj", "{F582A588-8E63-3EFF-8F93-8A79BDFFDC8D}"
	ProjectSection(ProjectDependencies) = postProject
		{4A167FE0-43E4-3F34-9A8A-6184922D162A} = {4A167FE0-43E4-3F34-9A8A-6184922D162A}
	EndProjectSection
EndProject
Project("{8BC9CEB8-8B4A-11D0-8D11-00A0C91BC942}") = "OgreBites", "Components\Bites\OgreBites.vcxproj", "{9800A31E-6642-34A2-86C7-091EF7D24EA7}"
	ProjectSection(ProjectDependencies) = postProject
		{90DC8C2B-05F8-3922-B4BF-2FACD5068CBE} = {90DC8C2B-05F8-3922-B4BF-2FACD5068CBE}
		{B378E35C-ECEA-3A00-B6FD-38C536F7ED97} = {B378E35C-ECEA-3A00-B6FD-38C536F7ED97}
		{6905FA0B-3986-3316-830D-1A8C53D19219} = {6905FA0B-3986-3316-830D-1A8C53D19219}
	EndProjectSection
EndProject
Project("{8BC9CEB8-8B4A-11D0-8D11-00A0C91BC942}") = "OgreGLSupport", "RenderSystems\GLSupport\OgreGLSupport.vcxproj", "{9C1F1B30-2AB4-339B-BE68-374A862E270D}"
	ProjectSection(ProjectDependencies) = postProject
		{90DC8C2B-05F8-3922-B4BF-2FACD5068CBE} = {90DC8C2B-05F8-3922-B4BF-2FACD5068CBE}
	EndProjectSection
EndProject
Project("{8BC9CEB8-8B4A-11D0-8D11-00A0C91BC942}") = "OgreHLMS", "Components\HLMS\OgreHLMS.vcxproj", "{BCB848E2-43CF-366E-8AF5-FD4804DA278C}"
	ProjectSection(ProjectDependencies) = postProject
		{90DC8C2B-05F8-3922-B4BF-2FACD5068CBE} = {90DC8C2B-05F8-3922-B4BF-2FACD5068CBE}
	EndProjectSection
EndProject
Project("{8BC9CEB8-8B4A-11D0-8D11-00A0C91BC942}") = "OgreMain", "OgreMain\OgreMain.vcxproj", "{90DC8C2B-05F8-3922-B4BF-2FACD5068CBE}"
	ProjectSection(ProjectDependencies) = postProject
	EndProjectSection
EndProject
Project("{8BC9CEB8-8B4A-11D0-8D11-00A0C91BC942}") = "OgreMeshLodGenerator", "Components\MeshLodGenerator\OgreMeshLodGenerator.vcxproj", "{953EDB09-5829-3D54-964E-E3DAC758BB9A}"
	ProjectSection(ProjectDependencies) = postProject
		{90DC8C2B-05F8-3922-B4BF-2FACD5068CBE} = {90DC8C2B-05F8-3922-B4BF-2FACD5068CBE}
	EndProjectSection
EndProject
Project("{8BC9CEB8-8B4A-11D0-8D11-00A0C91BC942}") = "OgreMeshUpgrader", "Tools\MeshUpgrader\OgreMeshUpgrader.vcxproj", "{E92BFA92-6ED9-38FE-AE49-DF7A4600E05B}"
	ProjectSection(ProjectDependencies) = postProject
		{90DC8C2B-05F8-3922-B4BF-2FACD5068CBE} = {90DC8C2B-05F8-3922-B4BF-2FACD5068CBE}
		{953EDB09-5829-3D54-964E-E3DAC758BB9A} = {953EDB09-5829-3D54-964E-E3DAC758BB9A}
	EndProjectSection
EndProject
Project("{8BC9CEB8-8B4A-11D0-8D11-00A0C91BC942}") = "OgreOverlay", "Components\Overlay\OgreOverlay.vcxproj", "{B378E35C-ECEA-3A00-B6FD-38C536F7ED97}"
	ProjectSection(ProjectDependencies) = postProject
		{90DC8C2B-05F8-3922-B4BF-2FACD5068CBE} = {90DC8C2B-05F8-3922-B4BF-2FACD5068CBE}
	EndProjectSection
EndProject
Project("{8BC9CEB8-8B4A-11D0-8D11-00A0C91BC942}") = "OgrePaging", "Components\Paging\OgrePaging.vcxproj", "{66E8446B-0685-3E7F-88E3-6D4BECC8A1BA}"
	ProjectSection(ProjectDependencies) = postProject
		{90DC8C2B-05F8-3922-B4BF-2FACD5068CBE} = {90DC8C2B-05F8-3922-B4BF-2FACD5068CBE}
	EndProjectSection
EndProject
Project("{8BC9CEB8-8B4A-11D0-8D11-00A0C91BC942}") = "OgreProperty", "Components\Property\OgreProperty.vcxproj", "{8BEC5E42-532C-338F-9222-C7B0D783FFC3}"
	ProjectSection(ProjectDependencies) = postProject
		{90DC8C2B-05F8-3922-B4BF-2FACD5068CBE} = {90DC8C2B-05F8-3922-B4BF-2FACD5068CBE}
	EndProjectSection
EndProject
Project("{8BC9CEB8-8B4A-11D0-8D11-00A0C91BC942}") = "OgreRTShaderSystem", "Components\RTShaderSystem\OgreRTShaderSystem.vcxproj", "{6905FA0B-3986-3316-830D-1A8C53D19219}"
	ProjectSection(ProjectDependencies) = postProject
		{90DC8C2B-05F8-3922-B4BF-2FACD5068CBE} = {90DC8C2B-05F8-3922-B4BF-2FACD5068CBE}
	EndProjectSection
EndProject
Project("{8BC9CEB8-8B4A-11D0-8D11-00A0C91BC942}") = "OgreTerrain", "Components\Terrain\OgreTerrain.vcxproj", "{68E74E3C-F25F-3D3B-BC2B-EA5B4B6778D0}"
	ProjectSection(ProjectDependencies) = postProject
		{90DC8C2B-05F8-3922-B4BF-2FACD5068CBE} = {90DC8C2B-05F8-3922-B4BF-2FACD5068CBE}
		{66E8446B-0685-3E7F-88E3-6D4BECC8A1BA} = {66E8446B-0685-3E7F-88E3-6D4BECC8A1BA}
	EndProjectSection
EndProject
Project("{8BC9CEB8-8B4A-11D0-8D11-00A0C91BC942}") = "OgreVolume", "Components\Volume\OgreVolume.vcxproj", "{4E83EF5A-D9D6-3CAA-BA00-236C60591072}"
	ProjectSection(ProjectDependencies) = postProject
		{90DC8C2B-05F8-3922-B4BF-2FACD5068CBE} = {90DC8C2B-05F8-3922-B4BF-2FACD5068CBE}
	EndProjectSection
EndProject
Project("{8BC9CEB8-8B4A-11D0-8D11-00A0C91BC942}") = "OgreXMLConverter", "Tools\XMLConverter\OgreXMLConverter.vcxproj", "{15CCA33C-1EF7-383C-AB5E-49361BB3598E}"
	ProjectSection(ProjectDependencies) = postProject
		{90DC8C2B-05F8-3922-B4BF-2FACD5068CBE} = {90DC8C2B-05F8-3922-B4BF-2FACD5068CBE}
	EndProjectSection
EndProject
Project("{8BC9CEB8-8B4A-11D0-8D11-00A0C91BC942}") = "PACKAGE", "PACKAGE.vcxproj", "{F5F30F18-2C4A-3A50-B9ED-4726C7D05AE0}"
	ProjectSection(ProjectDependencies) = postProject
		{4A167FE0-43E4-3F34-9A8A-6184922D162A} = {4A167FE0-43E4-3F34-9A8A-6184922D162A}
	EndProjectSection
EndProject
Project("{8BC9CEB8-8B4A-11D0-8D11-00A0C91BC942}") = "Plugin_BSPSceneManager", "PlugIns\BSPSceneManager\Plugin_BSPSceneManager.vcxproj", "{4244D854-2ADB-371C-9EBC-56EBED26EFFC}"
	ProjectSection(ProjectDependencies) = postProject
		{90DC8C2B-05F8-3922-B4BF-2FACD5068CBE} = {90DC8C2B-05F8-3922-B4BF-2FACD5068CBE}
	EndProjectSection
EndProject
Project("{8BC9CEB8-8B4A-11D0-8D11-00A0C91BC942}") = "Plugin_CgProgramManager", "PlugIns\CgProgramManager\Plugin_CgProgramManager.vcxproj", "{BCF212CA-C3F7-3D56-BBCC-6E2F1A1A86A3}"
	ProjectSection(ProjectDependencies) = postProject
		{90DC8C2B-05F8-3922-B4BF-2FACD5068CBE} = {90DC8C2B-05F8-3922-B4BF-2FACD5068CBE}
	EndProjectSection
EndProject
Project("{8BC9CEB8-8B4A-11D0-8D11-00A0C91BC942}") = "Plugin_DotScene", "PlugIns\DotScene\Plugin_DotScene.vcxproj", "{03A51112-A743-3B84-A742-EC5EACAE795B}"
	ProjectSection(ProjectDependencies) = postProject
		{90DC8C2B-05F8-3922-B4BF-2FACD5068CBE} = {90DC8C2B-05F8-3922-B4BF-2FACD5068CBE}
		{66E8446B-0685-3E7F-88E3-6D4BECC8A1BA} = {66E8446B-0685-3E7F-88E3-6D4BECC8A1BA}
		{68E74E3C-F25F-3D3B-BC2B-EA5B4B6778D0} = {68E74E3C-F25F-3D3B-BC2B-EA5B4B6778D0}
	EndProjectSection
EndProject
Project("{8BC9CEB8-8B4A-11D0-8D11-00A0C91BC942}") = "Plugin_OctreeSceneManager", "PlugIns\OctreeSceneManager\Plugin_OctreeSceneManager.vcxproj", "{9BDF23A7-7311-323F-AA4B-97228F066B32}"
	ProjectSection(ProjectDependencies) = postProject
		{90DC8C2B-05F8-3922-B4BF-2FACD5068CBE} = {90DC8C2B-05F8-3922-B4BF-2FACD5068CBE}
	EndProjectSection
EndProject
Project("{8BC9CEB8-8B4A-11D0-8D11-00A0C91BC942}") = "Plugin_OctreeZone", "PlugIns\OctreeZone\Plugin_OctreeZone.vcxproj", "{3DF4D677-D01F-39D3-87CF-0CD4F389FEC7}"
	ProjectSection(ProjectDependencies) = postProject
		{90DC8C2B-05F8-3922-B4BF-2FACD5068CBE} = {90DC8C2B-05F8-3922-B4BF-2FACD5068CBE}
		{156CA56B-3FE8-36BB-820B-7CABE3839B62} = {156CA56B-3FE8-36BB-820B-7CABE3839B62}
	EndProjectSection
EndProject
Project("{8BC9CEB8-8B4A-11D0-8D11-00A0C91BC942}") = "Plugin_PCZSceneManager", "PlugIns\PCZSceneManager\Plugin_PCZSceneManager.vcxproj", "{156CA56B-3FE8-36BB-820B-7CABE3839B62}"
	ProjectSection(ProjectDependencies) = postProject
		{90DC8C2B-05F8-3922-B4BF-2FACD5068CBE} = {90DC8C2B-05F8-3922-B4BF-2FACD5068CBE}
	EndProjectSection
EndProject
Project("{8BC9CEB8-8B4A-11D0-8D11-00A0C91BC942}") = "Plugin_ParticleFX", "PlugIns\ParticleFX\Plugin_ParticleFX.vcxproj", "{CDD9D98D-1414-3221-80ED-30C42C3724FA}"
	ProjectSection(ProjectDependencies) = postProject
		{90DC8C2B-05F8-3922-B4BF-2FACD5068CBE} = {90DC8C2B-05F8-3922-B4BF-2FACD5068CBE}
	EndProjectSection
EndProject
Project("{8BC9CEB8-8B4A-11D0-8D11-00A0C91BC942}") = "RenderSystem_Direct3D11", "RenderSystems\Direct3D11\RenderSystem_Direct3D11.vcxproj", "{7D401618-CD9B-33CB-AD73-0207DA968184}"
	ProjectSection(ProjectDependencies) = postProject
		{90DC8C2B-05F8-3922-B4BF-2FACD5068CBE} = {90DC8C2B-05F8-3922-B4BF-2FACD5068CBE}
	EndProjectSection
EndProject
Project("{8BC9CEB8-8B4A-11D0-8D11-00A0C91BC942}") = "RenderSystem_Direct3D9", "RenderSystems\Direct3D9\RenderSystem_Direct3D9.vcxproj", "{811BF76A-73C8-3EB1-9FB6-6E4880E0663C}"
	ProjectSection(ProjectDependencies) = postProject
		{90DC8C2B-05F8-3922-B4BF-2FACD5068CBE} = {90DC8C2B-05F8-3922-B4BF-2FACD5068CBE}
	EndProjectSection
EndProject
Project("{8BC9CEB8-8B4A-11D0-8D11-00A0C91BC942}") = "RenderSystem_GL", "RenderSystems\GL\RenderSystem_GL.vcxproj", "{16277A6B-8C03-3995-A079-19D58D74192C}"
	ProjectSection(ProjectDependencies) = postProject
		{9C1F1B30-2AB4-339B-BE68-374A862E270D} = {9C1F1B30-2AB4-339B-BE68-374A862E270D}
		{90DC8C2B-05F8-3922-B4BF-2FACD5068CBE} = {90DC8C2B-05F8-3922-B4BF-2FACD5068CBE}
	EndProjectSection
EndProject
Project("{8BC9CEB8-8B4A-11D0-8D11-00A0C91BC942}") = "RenderSystem_GL3Plus", "RenderSystems\GL3Plus\RenderSystem_GL3Plus.vcxproj", "{5C245191-BEAC-3298-868F-40E186DA55C7}"
	ProjectSection(ProjectDependencies) = postProject
		{9C1F1B30-2AB4-339B-BE68-374A862E270D} = {9C1F1B30-2AB4-339B-BE68-374A862E270D}
		{90DC8C2B-05F8-3922-B4BF-2FACD5068CBE} = {90DC8C2B-05F8-3922-B4BF-2FACD5068CBE}
	EndProjectSection
EndProject
Project("{8BC9CEB8-8B4A-11D0-8D11-00A0C91BC942}") = "SampleBrowser", "Samples\Browser\SampleBrowser.vcxproj", "{24951388-3EF2-3F59-A6D5-8B13A7779F19}"
	ProjectSection(ProjectDependencies) = postProject
		{835A30A3-341B-359E-B814-92ED133F57FA} = {835A30A3-341B-359E-B814-92ED133F57FA}
		{9800A31E-6642-34A2-86C7-091EF7D24EA7} = {9800A31E-6642-34A2-86C7-091EF7D24EA7}
		{BCB848E2-43CF-366E-8AF5-FD4804DA278C} = {BCB848E2-43CF-366E-8AF5-FD4804DA278C}
		{90DC8C2B-05F8-3922-B4BF-2FACD5068CBE} = {90DC8C2B-05F8-3922-B4BF-2FACD5068CBE}
		{953EDB09-5829-3D54-964E-E3DAC758BB9A} = {953EDB09-5829-3D54-964E-E3DAC758BB9A}
		{B378E35C-ECEA-3A00-B6FD-38C536F7ED97} = {B378E35C-ECEA-3A00-B6FD-38C536F7ED97}
		{6905FA0B-3986-3316-830D-1A8C53D19219} = {6905FA0B-3986-3316-830D-1A8C53D19219}
		{68E74E3C-F25F-3D3B-BC2B-EA5B4B6778D0} = {68E74E3C-F25F-3D3B-BC2B-EA5B4B6778D0}
		{4E83EF5A-D9D6-3CAA-BA00-236C60591072} = {4E83EF5A-D9D6-3CAA-BA00-236C60591072}
	EndProjectSection
EndProject
Project("{8BC9CEB8-8B4A-11D0-8D11-00A0C91BC942}") = "VRMLConverter", "Tools\VRMLConverter\VRMLConverter.vcxproj", "{24E4BAA9-7E83-3C69-91E2-FBA94060784C}"
	ProjectSection(ProjectDependencies) = postProject
		{90DC8C2B-05F8-3922-B4BF-2FACD5068CBE} = {90DC8C2B-05F8-3922-B4BF-2FACD5068CBE}
	EndProjectSection
EndProject
Global
	GlobalSection(SolutionConfigurationPlatforms) = preSolution
		Debug|x64 = Debug|x64
		Release|x64 = Release|x64
	EndGlobalSection
	GlobalSection(ProjectConfigurationPlatforms) = postSolution
		{4A167FE0-43E4-3F34-9A8A-6184922D162A}.Debug|x64.ActiveCfg = Debug|x64
		{4A167FE0-43E4-3F34-9A8A-6184922D162A}.Debug|x64.Build.0 = Debug|x64
		{4A167FE0-43E4-3F34-9A8A-6184922D162A}.Release|x64.ActiveCfg = Release|x64
		{4A167FE0-43E4-3F34-9A8A-6184922D162A}.Release|x64.Build.0 = Release|x64
		{FA7886FC-9034-39AC-981A-E5AE2F307DBB}.Debug|x64.ActiveCfg = Debug|x64
		{FA7886FC-9034-39AC-981A-E5AE2F307DBB}.Debug|x64.Build.0 = Debug|x64
		{FA7886FC-9034-39AC-981A-E5AE2F307DBB}.Release|x64.ActiveCfg = Release|x64
		{FA7886FC-9034-39AC-981A-E5AE2F307DBB}.Release|x64.Build.0 = Release|x64
		{3E21CA9A-C144-3711-BCC1-886A6E34AB41}.Debug|x64.ActiveCfg = Debug|x64
		{3E21CA9A-C144-3711-BCC1-886A6E34AB41}.Debug|x64.Build.0 = Debug|x64
		{3E21CA9A-C144-3711-BCC1-886A6E34AB41}.Release|x64.ActiveCfg = Release|x64
		{3E21CA9A-C144-3711-BCC1-886A6E34AB41}.Release|x64.Build.0 = Release|x64
		{835A30A3-341B-359E-B814-92ED133F57FA}.Debug|x64.ActiveCfg = Debug|x64
		{835A30A3-341B-359E-B814-92ED133F57FA}.Debug|x64.Build.0 = Debug|x64
		{835A30A3-341B-359E-B814-92ED133F57FA}.Release|x64.ActiveCfg = Release|x64
		{835A30A3-341B-359E-B814-92ED133F57FA}.Release|x64.Build.0 = Release|x64
		{F582A588-8E63-3EFF-8F93-8A79BDFFDC8D}.Debug|x64.ActiveCfg = Debug|x64
		{F582A588-8E63-3EFF-8F93-8A79BDFFDC8D}.Release|x64.ActiveCfg = Release|x64
		{9800A31E-6642-34A2-86C7-091EF7D24EA7}.Debug|x64.ActiveCfg = Debug|x64
		{9800A31E-6642-34A2-86C7-091EF7D24EA7}.Debug|x64.Build.0 = Debug|x64
		{9800A31E-6642-34A2-86C7-091EF7D24EA7}.Release|x64.ActiveCfg = Release|x64
		{9800A31E-6642-34A2-86C7-091EF7D24EA7}.Release|x64.Build.0 = Release|x64
		{9C1F1B30-2AB4-339B-BE68-374A862E270D}.Debug|x64.ActiveCfg = Debug|x64
		{9C1F1B30-2AB4-339B-BE68-374A862E270D}.Debug|x64.Build.0 = Debug|x64
		{9C1F1B30-2AB4-339B-BE68-374A862E270D}.Release|x64.ActiveCfg = Release|x64
		{9C1F1B30-2AB4-339B-BE68-374A862E270D}.Release|x64.Build.0 = Release|x64
		{BCB848E2-43CF-366E-8AF5-FD4804DA278C}.Debug|x64.ActiveCfg = Debug|x64
		{BCB848E2-43CF-366E-8AF5-FD4804DA278C}.Debug|x64.Build.0 = Debug|x64
		{BCB848E2-43CF-366E-8AF5-FD4804DA278C}.Release|x64.ActiveCfg = Release|x64
		{BCB848E2-43CF-366E-8AF5-FD4804DA278C}.Release|x64.Build.0 = Release|x64
		{90DC8C2B-05F8-3922-B4BF-2FACD5068CBE}.Debug|x64.ActiveCfg = Debug|x64
		{90DC8C2B-05F8-3922-B4BF-2FACD5068CBE}.Debug|x64.Build.0 = Debug|x64
		{90DC8C2B-05F8-3922-B4BF-2FACD5068CBE}.Release|x64.ActiveCfg = Release|x64
		{90DC8C2B-05F8-3922-B4BF-2FACD5068CBE}.Release|x64.Build.0 = Release|x64
		{953EDB09-5829-3D54-964E-E3DAC758BB9A}.Debug|x64.ActiveCfg = Debug|x64
		{953EDB09-5829-3D54-964E-E3DAC758BB9A}.Debug|x64.Build.0 = Debug|x64
		{953EDB09-5829-3D54-964E-E3DAC758BB9A}.Release|x64.ActiveCfg = Release|x64
		{953EDB09-5829-3D54-964E-E3DAC758BB9A}.Release|x64.Build.0 = Release|x64
		{E92BFA92-6ED9-38FE-AE49-DF7A4600E05B}.Debug|x64.ActiveCfg = Debug|x64
		{E92BFA92-6ED9-38FE-AE49-DF7A4600E05B}.Debug|x64.Build.0 = Debug|x64
		{E92BFA92-6ED9-38FE-AE49-DF7A4600E05B}.Release|x64.ActiveCfg = Release|x64
		{E92BFA92-6ED9-38FE-AE49-DF7A4600E05B}.Release|x64.Build.0 = Release|x64
		{B378E35C-ECEA-3A00-B6FD-38C536F7ED97}.Debug|x64.ActiveCfg = Debug|x64
		{B378E35C-ECEA-3A00-B6FD-38C536F7ED97}.Debug|x64.Build.0 = Debug|x64
		{B378E35C-ECEA-3A00-B6FD-38C536F7ED97}.Release|x64.ActiveCfg = Release|x64
		{B378E35C-ECEA-3A00-B6FD-38C536F7ED97}.Release|x64.Build.0 = Release|x64
		{66E8446B-0685-3E7F-88E3-6D4BECC8A1BA}.Debug|x64.ActiveCfg = Debug|x64
		{66E8446B-0685-3E7F-88E3-6D4BECC8A1BA}.Debug|x64.Build.0 = Debug|x64
		{66E8446B-0685-3E7F-88E3-6D4BECC8A1BA}.Release|x64.ActiveCfg = Release|x64
		{66E8446B-0685-3E7F-88E3-6D4BECC8A1BA}.Release|x64.Build.0 = Release|x64
		{8BEC5E42-532C-338F-9222-C7B0D783FFC3}.Debug|x64.ActiveCfg = Debug|x64
		{8BEC5E42-532C-338F-9222-C7B0D783FFC3}.Debug|x64.Build.0 = Debug|x64
		{8BEC5E42-532C-338F-9222-C7B0D783FFC3}.Release|x64.ActiveCfg = Release|x64
		{8BEC5E42-532C-338F-9222-C7B0D783FFC3}.Release|x64.Build.0 = Release|x64
		{6905FA0B-3986-3316-830D-1A8C53D19219}.Debug|x64.ActiveCfg = Debug|x64
		{6905FA0B-3986-3316-830D-1A8C53D19219}.Debug|x64.Build.0 = Debug|x64
		{6905FA0B-3986-3316-830D-1A8C53D19219}.Release|x64.ActiveCfg = Release|x64
		{6905FA0B-3986-3316-830D-1A8C53D19219}.Release|x64.Build.0 = Release|x64
		{68E74E3C-F25F-3D3B-BC2B-EA5B4B6778D0}.Debug|x64.ActiveCfg = Debug|x64
		{68E74E3C-F25F-3D3B-BC2B-EA5B4B6778D0}.Debug|x64.Build.0 = Debug|x64
		{68E74E3C-F25F-3D3B-BC2B-EA5B4B6778D0}.Release|x64.ActiveCfg = Release|x64
		{68E74E3C-F25F-3D3B-BC2B-EA5B4B6778D0}.Release|x64.Build.0 = Release|x64
		{4E83EF5A-D9D6-3CAA-BA00-236C60591072}.Debug|x64.ActiveCfg = Debug|x64
		{4E83EF5A-D9D6-3CAA-BA00-236C60591072}.Debug|x64.Build.0 = Debug|x64
		{4E83EF5A-D9D6-3CAA-BA00-236C60591072}.Release|x64.ActiveCfg = Release|x64
		{4E83EF5A-D9D6-3CAA-BA00-236C60591072}.Release|x64.Build.0 = Release|x64
		{15CCA33C-1EF7-383C-AB5E-49361BB3598E}.Debug|x64.ActiveCfg = Debug|x64
		{15CCA33C-1EF7-383C-AB5E-49361BB3598E}.Debug|x64.Build.0 = Debug|x64
		{15CCA33C-1EF7-383C-AB5E-49361BB3598E}.Release|x64.ActiveCfg = Release|x64
		{15CCA33C-1EF7-383C-AB5E-49361BB3598E}.Release|x64.Build.0 = Release|x64
		{F5F30F18-2C4A-3A50-B9ED-4726C7D05AE0}.Debug|x64.ActiveCfg = Debug|x64
		{F5F30F18-2C4A-3A50-B9ED-4726C7D05AE0}.Release|x64.ActiveCfg = Release|x64
		{4244D854-2ADB-371C-9EBC-56EBED26EFFC}.Debug|x64.ActiveCfg = Debug|x64
		{4244D854-2ADB-371C-9EBC-56EBED26EFFC}.Debug|x64.Build.0 = Debug|x64
		{4244D854-2ADB-371C-9EBC-56EBED26EFFC}.Release|x64.ActiveCfg = Release|x64
		{4244D854-2ADB-371C-9EBC-56EBED26EFFC}.Release|x64.Build.0 = Release|x64
		{BCF212CA-C3F7-3D56-BBCC-6E2F1A1A86A3}.Debug|x64.ActiveCfg = Debug|x64
		{BCF212CA-C3F7-3D56-BBCC-6E2F1A1A86A3}.Debug|x64.Build.0 = Debug|x64
		{BCF212CA-C3F7-3D56-BBCC-6E2F1A1A86A3}.Release|x64.ActiveCfg = Release|x64
		{BCF212CA-C3F7-3D56-BBCC-6E2F1A1A86A3}.Release|x64.Build.0 = Release|x64
		{03A51112-A743-3B84-A742-EC5EACAE795B}.Debug|x64.ActiveCfg = Debug|x64
		{03A51112-A743-3B84-A742-EC5EACAE795B}.Debug|x64.Build.0 = Debug|x64
		{03A51112-A743-3B84-A742-EC5EACAE795B}.Release|x64.ActiveCfg = Release|x64
		{03A51112-A743-3B84-A742-EC5EACAE795B}.Release|x64.Build.0 = Release|x64
		{9BDF23A7-7311-323F-AA4B-97228F066B32}.Debug|x64.ActiveCfg = Debug|x64
		{9BDF23A7-7311-323F-AA4B-97228F066B32}.Debug|x64.Build.0 = Debug|x64
		{9BDF23A7-7311-323F-AA4B-97228F066B32}.Release|x64.ActiveCfg = Release|x64
		{9BDF23A7-7311-323F-AA4B-97228F066B32}.Release|x64.Build.0 = Release|x64
		{3DF4D677-D01F-39D3-87CF-0CD4F389FEC7}.Debug|x64.ActiveCfg = Debug|x64
		{3DF4D677-D01F-39D3-87CF-0CD4F389FEC7}.Debug|x64.Build.0 = Debug|x64
		{3DF4D677-D01F-39D3-87CF-0CD4F389FEC7}.Release|x64.ActiveCfg = Release|x64
		{3DF4D677-D01F-39D3-87CF-0CD4F389FEC7}.Release|x64.Build.0 = Release|x64
		{156CA56B-3FE8-36BB-820B-7CABE3839B62}.Debug|x64.ActiveCfg = Debug|x64
		{156CA56B-3FE8-36BB-820B-7CABE3839B62}.Debug|x64.Build.0 = Debug|x64
		{156CA56B-3FE8-36BB-820B-7CABE3839B62}.Release|x64.ActiveCfg = Release|x64
		{156CA56B-3FE8-36BB-820B-7CABE3839B62}.Release|x64.Build.0 = Release|x64
		{CDD9D98D-1414-3221-80ED-30C42C3724FA}.Debug|x64.ActiveCfg = Debug|x64
		{CDD9D98D-1414-3221-80ED-30C42C3724FA}.Debug|x64.Build.0 = Debug|x64
		{CDD9D98D-1414-3221-80ED-30C42C3724FA}.Release|x64.ActiveCfg = Release|x64
		{CDD9D98D-1414-3221-80ED-30C42C3724FA}.Release|x64.Build.0 = Release|x64
		{7D401618-CD9B-33CB-AD73-0207DA968184}.Debug|x64.ActiveCfg = Debug|x64
		{7D401618-CD9B-33CB-AD73-0207DA968184}.Debug|x64.Build.0 = Debug|x64
		{7D401618-CD9B-33CB-AD73-0207DA968184}.Release|x64.ActiveCfg = Release|x64
		{7D401618-CD9B-33CB-AD73-0207DA968184}.Release|x64.Build.0 = Release|x64
		{811BF76A-73C8-3EB1-9FB6-6E4880E0663C}.Debug|x64.ActiveCfg = Debug|x64
		{811BF76A-73C8-3EB1-9FB6-6E4880E0663C}.Debug|x64.Build.0 = Debug|x64
		{811BF76A-73C8-3EB1-9FB6-6E4880E0663C}.Release|x64.ActiveCfg = Release|x64
		{811BF76A-73C8-3EB1-9FB6-6E4880E0663C}.Release|x64.Build.0 = Release|x64
		{16277A6B-8C03-3995-A079-19D58D74192C}.Debug|x64.ActiveCfg = Debug|x64
		{16277A6B-8C03-3995-A079-19D58D74192C}.Debug|x64.Build.0 = Debug|x64
		{16277A6B-8C03-3995-A079-19D58D74192C}.Release|x64.ActiveCfg = Release|x64
		{16277A6B-8C03-3995-A079-19D58D74192C}.Release|x64.Build.0 = Release|x64
		{5C245191-BEAC-3298-868F-40E186DA55C7}.Debug|x64.ActiveCfg = Debug|x64
		{5C245191-BEAC-3298-868F-40E186DA55C7}.Debug|x64.Build.0 = Debug|x64
		{5C245191-BEAC-3298-868F-40E186DA55C7}.Release|x64.ActiveCfg = Release|x64
		{5C245191-BEAC-3298-868F-40E186DA55C7}.Release|x64.Build.0 = Release|x64
		{24951388-3EF2-3F59-A6D5-8B13A7779F19}.Debug|x64.ActiveCfg = Debug|x64
		{24951388-3EF2-3F59-A6D5-8B13A7779F19}.Debug|x64.Build.0 = Debug|x64
		{24951388-3EF2-3F59-A6D5-8B13A7779F19}.Release|x64.ActiveCfg = Release|x64
		{24951388-3EF2-3F59-A6D5-8B13A7779F19}.Release|x64.Build.0 = Release|x64
		{24E4BAA9-7E83-3C69-91E2-FBA94060784C}.Debug|x64.ActiveCfg = Debug|x64
		{24E4BAA9-7E83-3C69-91E2-FBA94060784C}.Debug|x64.Build.0 = Debug|x64
		{24E4BAA9-7E83-3C69-91E2-FBA94060784C}.Release|x64.ActiveCfg = Release|x64
		{24E4BAA9-7E83-3C69-91E2-FBA94060784C}.Release|x64.Build.0 = Release|x64
	EndGlobalSection
	GlobalSection(NestedProjects) = preSolution
		{4A167FE0-43E4-3F34-9A8A-6184922D162A} = {D2C8E4E3-06F9-39DF-98B6-DDA433CD730A}
		{F582A588-8E63-3EFF-8F93-8A79BDFFDC8D} = {D2C8E4E3-06F9-39DF-98B6-DDA433CD730A}
		{F5F30F18-2C4A-3A50-B9ED-4726C7D05AE0} = {D2C8E4E3-06F9-39DF-98B6-DDA433CD730A}
		{9800A31E-6642-34A2-86C7-091EF7D24EA7} = {B8F594CD-CAED-37AF-BCB4-4E6FB5AF4D67}
		{9C1F1B30-2AB4-339B-BE68-374A862E270D} = {B8F594CD-CAED-37AF-BCB4-4E6FB5AF4D67}
		{BCB848E2-43CF-366E-8AF5-FD4804DA278C} = {B8F594CD-CAED-37AF-BCB4-4E6FB5AF4D67}
		{953EDB09-5829-3D54-964E-E3DAC758BB9A} = {B8F594CD-CAED-37AF-BCB4-4E6FB5AF4D67}
		{B378E35C-ECEA-3A00-B6FD-38C536F7ED97} = {B8F594CD-CAED-37AF-BCB4-4E6FB5AF4D67}
		{66E8446B-0685-3E7F-88E3-6D4BECC8A1BA} = {B8F594CD-CAED-37AF-BCB4-4E6FB5AF4D67}
		{8BEC5E42-532C-338F-9222-C7B0D783FFC3} = {B8F594CD-CAED-37AF-BCB4-4E6FB5AF4D67}
		{6905FA0B-3986-3316-830D-1A8C53D19219} = {B8F594CD-CAED-37AF-BCB4-4E6FB5AF4D67}
		{68E74E3C-F25F-3D3B-BC2B-EA5B4B6778D0} = {B8F594CD-CAED-37AF-BCB4-4E6FB5AF4D67}
		{4E83EF5A-D9D6-3CAA-BA00-236C60591072} = {B8F594CD-CAED-37AF-BCB4-4E6FB5AF4D67}
		{E92BFA92-6ED9-38FE-AE49-DF7A4600E05B} = {7E8FF53D-8893-32CE-B003-E5F5D1D3D7F0}
		{15CCA33C-1EF7-383C-AB5E-49361BB3598E} = {7E8FF53D-8893-32CE-B003-E5F5D1D3D7F0}
		{24E4BAA9-7E83-3C69-91E2-FBA94060784C} = {7E8FF53D-8893-32CE-B003-E5F5D1D3D7F0}
	EndGlobalSection
	GlobalSection(ExtensibilityGlobals) = postSolution
		SolutionGuid = {AF357B81-D812-3723-9F1E-00CE47F5B643}
	EndGlobalSection
	GlobalSection(ExtensibilityAddIns) = postSolution
	EndGlobalSection
EndGlobal
