<?xml version="1.0" encoding="utf-8"?>
<Project ToolsVersion="15.0" xmlns="http://schemas.microsoft.com/developer/msbuild/2003">
  <ItemGroup>
    <ClCompile Include="F:\CPlusPlus\OGRE\OgreSDK\ogre-1.12.6\Components\Volume\src\OgreVolumeCSGSource.cpp">
      <Filter>Source Files</Filter>
    </ClCompile>
    <ClCompile Include="F:\CPlusPlus\OGRE\OgreSDK\ogre-1.12.6\Components\Volume\src\OgreVolumeCacheSource.cpp">
      <Filter>Source Files</Filter>
    </ClCompile>
    <ClCompile Include="F:\CPlusPlus\OGRE\OgreSDK\ogre-1.12.6\Components\Volume\src\OgreVolumeChunk.cpp">
      <Filter>Source Files</Filter>
    </ClCompile>
    <ClCompile Include="F:\CPlusPlus\OGRE\OgreSDK\ogre-1.12.6\Components\Volume\src\OgreVolumeChunkHandler.cpp">
      <Filter>Source Files</Filter>
    </ClCompile>
    <ClCompile Include="F:\CPlusPlus\OGRE\OgreSDK\ogre-1.12.6\Components\Volume\src\OgreVolumeDualGridGenerator.cpp">
      <Filter>Source Files</Filter>
    </ClCompile>
    <ClCompile Include="F:\CPlusPlus\OGRE\OgreSDK\ogre-1.12.6\Components\Volume\src\OgreVolumeGridSource.cpp">
      <Filter>Source Files</Filter>
    </ClCompile>
    <ClCompile Include="F:\CPlusPlus\OGRE\OgreSDK\ogre-1.12.6\Components\Volume\src\OgreVolumeHalfFloatGridSource.cpp">
      <Filter>Source Files</Filter>
    </ClCompile>
    <ClCompile Include="F:\CPlusPlus\OGRE\OgreSDK\ogre-1.12.6\Components\Volume\src\OgreVolumeIsoSurface.cpp">
      <Filter>Source Files</Filter>
    </ClCompile>
    <ClCompile Include="F:\CPlusPlus\OGRE\OgreSDK\ogre-1.12.6\Components\Volume\src\OgreVolumeIsoSurfaceMC.cpp">
      <Filter>Source Files</Filter>
    </ClCompile>
    <ClCompile Include="F:\CPlusPlus\OGRE\OgreSDK\ogre-1.12.6\Components\Volume\src\OgreVolumeMeshBuilder.cpp">
      <Filter>Source Files</Filter>
    </ClCompile>
    <ClCompile Include="F:\CPlusPlus\OGRE\OgreSDK\ogre-1.12.6\Components\Volume\src\OgreVolumeOctreeNode.cpp">
      <Filter>Source Files</Filter>
    </ClCompile>
    <ClCompile Include="F:\CPlusPlus\OGRE\OgreSDK\ogre-1.12.6\Components\Volume\src\OgreVolumeOctreeNodeSplitPolicy.cpp">
      <Filter>Source Files</Filter>
    </ClCompile>
    <ClCompile Include="F:\CPlusPlus\OGRE\OgreSDK\ogre-1.12.6\Components\Volume\src\OgreVolumeSimplexNoise.cpp">
      <Filter>Source Files</Filter>
    </ClCompile>
    <ClCompile Include="F:\CPlusPlus\OGRE\OgreSDK\ogre-1.12.6\Components\Volume\src\OgreVolumeSource.cpp">
      <Filter>Source Files</Filter>
    </ClCompile>
    <ClCompile Include="F:\CPlusPlus\OGRE\OgreSDK\ogre-1.12.6\Components\Volume\src\OgreVolumeTextureSource.cpp">
      <Filter>Source Files</Filter>
    </ClCompile>
  </ItemGroup>
  <ItemGroup>
    <ClInclude Include="F:\CPlusPlus\OGRE\OgreSDK\ogre-1.12.6\Components\Volume\include\OgreVolumeCSGSource.h">
      <Filter>Header Files</Filter>
    </ClInclude>
    <ClInclude Include="F:\CPlusPlus\OGRE\OgreSDK\ogre-1.12.6\Components\Volume\include\OgreVolumeCacheSource.h">
      <Filter>Header Files</Filter>
    </ClInclude>
    <ClInclude Include="F:\CPlusPlus\OGRE\OgreSDK\ogre-1.12.6\Components\Volume\include\OgreVolumeChunk.h">
      <Filter>Header Files</Filter>
    </ClInclude>
    <ClInclude Include="F:\CPlusPlus\OGRE\OgreSDK\ogre-1.12.6\Components\Volume\include\OgreVolumeChunkHandler.h">
      <Filter>Header Files</Filter>
    </ClInclude>
    <ClInclude Include="F:\CPlusPlus\OGRE\OgreSDK\ogre-1.12.6\Components\Volume\include\OgreVolumeDualGridGenerator.h">
      <Filter>Header Files</Filter>
    </ClInclude>
    <ClInclude Include="F:\CPlusPlus\OGRE\OgreSDK\ogre-1.12.6\Components\Volume\include\OgreVolumeGridSource.h">
      <Filter>Header Files</Filter>
    </ClInclude>
    <ClInclude Include="F:\CPlusPlus\OGRE\OgreSDK\ogre-1.12.6\Components\Volume\include\OgreVolumeHalfFloatGridSource.h">
      <Filter>Header Files</Filter>
    </ClInclude>
    <ClInclude Include="F:\CPlusPlus\OGRE\OgreSDK\ogre-1.12.6\Components\Volume\include\OgreVolumeIsoSurface.h">
      <Filter>Header Files</Filter>
    </ClInclude>
    <ClInclude Include="F:\CPlusPlus\OGRE\OgreSDK\ogre-1.12.6\Components\Volume\include\OgreVolumeIsoSurfaceMC.h">
      <Filter>Header Files</Filter>
    </ClInclude>
    <ClInclude Include="F:\CPlusPlus\OGRE\OgreSDK\ogre-1.12.6\Components\Volume\include\OgreVolumeIsoSurfaceTablesMC.h">
      <Filter>Header Files</Filter>
    </ClInclude>
    <ClInclude Include="F:\CPlusPlus\OGRE\OgreSDK\ogre-1.12.6\Components\Volume\include\OgreVolumeMeshBuilder.h">
      <Filter>Header Files</Filter>
    </ClInclude>
    <ClInclude Include="F:\CPlusPlus\OGRE\OgreSDK\ogre-1.12.6\Components\Volume\include\OgreVolumeOctreeNode.h">
      <Filter>Header Files</Filter>
    </ClInclude>
    <ClInclude Include="F:\CPlusPlus\OGRE\OgreSDK\ogre-1.12.6\Components\Volume\include\OgreVolumeOctreeNodeSplitPolicy.h">
      <Filter>Header Files</Filter>
    </ClInclude>
    <ClInclude Include="F:\CPlusPlus\OGRE\OgreSDK\ogre-1.12.6\Components\Volume\include\OgreVolumeSimplexNoise.h">
      <Filter>Header Files</Filter>
    </ClInclude>
    <ClInclude Include="F:\CPlusPlus\OGRE\OgreSDK\ogre-1.12.6\Components\Volume\include\OgreVolumeSource.h">
      <Filter>Header Files</Filter>
    </ClInclude>
    <ClInclude Include="F:\CPlusPlus\OGRE\OgreSDK\ogre-1.12.6\Components\Volume\include\OgreVolumeTextureSource.h">
      <Filter>Header Files</Filter>
    </ClInclude>
    <ClInclude Include="F:\CPlusPlus\OGRE\OgreSDK\ogredeps\include\OgreVolumePrerequisites.h">
      <Filter>Header Files</Filter>
    </ClInclude>
  </ItemGroup>
  <ItemGroup>
    <Filter Include="Header Files">
      <UniqueIdentifier>{C15E7858-0106-32A1-92C3-CE650CE21D2D}</UniqueIdentifier>
    </Filter>
    <Filter Include="Source Files">
      <UniqueIdentifier>{CFE59392-1441-37A6-826C-1CBE098A0361}</UniqueIdentifier>
    </Filter>
  </ItemGroup>
</Project>
